// !$*UTF8*$!
{
	archiveVersion = 1;
	classes = {
	};
	objectVersion = 56;
	objects = {

/* Begin PBXBuildFile section */
		80EFC1182AC7FC970006DA72 /* AppDelegate.swift in Sources */ = {isa = PBXBuildFile; fileRef = 80EFC1172AC7FC970006DA72 /* AppDelegate.swift */; };
		80EFC11A2AC7FC970006DA72 /* SceneDelegate.swift in Sources */ = {isa = PBXBuildFile; fileRef = 80EFC1192AC7FC970006DA72 /* SceneDelegate.swift */; };
		80EFC11C2AC7FC970006DA72 /* ViewController.swift in Sources */ = {isa = PBXBuildFile; fileRef = 80EFC11B2AC7FC970006DA72 /* ViewController.swift */; };
		80EFC11F2AC7FC970006DA72 /* Main.storyboard in Resources */ = {isa = PBXBuildFile; fileRef = 80EFC11D2AC7FC970006DA72 /* Main.storyboard */; };
		80EFC1212AC7FC970006DA72 /* Assets.xcassets in Resources */ = {isa = PBXBuildFile; fileRef = 80EFC1202AC7FC970006DA72 /* Assets.xcassets */; };
		80EFC1242AC7FC970006DA72 /* LaunchScreen.storyboard in Resources */ = {isa = PBXBuildFile; fileRef = 80EFC1222AC7FC970006DA72 /* LaunchScreen.storyboard */; };
		80EFC12C2AC80CB10006DA72 /* CustomCell.swift in Sources */ = {isa = PBXBuildFile; fileRef = 80EFC12B2AC80CB10006DA72 /* CustomCell.swift */; };
		80EFC1482AC9D5990006DA72 /* CustomCollectionViewCell.swift in Sources */ = {isa = PBXBuildFile; fileRef = 80EFC1472AC9D5990006DA72 /* CustomCollectionViewCell.swift */; };
/* End PBXBuildFile section */

/* Begin PBXFileReference section */
		80EFC1142AC7FC970006DA72 /* SecondWorkbook.app */ = {isa = PBXFileReference; explicitFileType = wrapper.application; includeInIndex = 0; path = SecondWorkbook.app; sourceTree = BUILT_PRODUCTS_DIR; };
		80EFC1172AC7FC970006DA72 /* AppDelegate.swift */ = {isa = PBXFileReference; lastKnownFileType = sourcecode.swift; path = AppDelegate.swift; sourceTree = "<group>"; };
		80EFC1192AC7FC970006DA72 /* SceneDelegate.swift */ = {isa = PBXFileReference; lastKnownFileType = sourcecode.swift; path = SceneDelegate.swift; sourceTree = "<group>"; };
		80EFC11B2AC7FC970006DA72 /* ViewController.swift */ = {isa = PBXFileReference; lastKnownFileType = sourcecode.swift; path = ViewController.swift; sourceTree = "<group>"; };
		80EFC11E2AC7FC970006DA72 /* Base */ = {isa = PBXFileReference; lastKnownFileType = file.storyboard; name = Base; path = Base.lproj/Main.storyboard; sourceTree = "<group>"; };
		80EFC1202AC7FC970006DA72 /* Assets.xcassets */ = {isa = PBXFileReference; lastKnownFileType = folder.assetcatalog; path = Assets.xcassets; sourceTree = "<group>"; };
		80EFC1232AC7FC970006DA72 /* Base */ = {isa = PBXFileReference; lastKnownFileType = file.storyboard; name = Base; path = Base.lproj/LaunchScreen.storyboard; sourceTree = "<group>"; };
		80EFC1252AC7FC970006DA72 /* Info.plist */ = {isa = PBXFileReference; lastKnownFileType = text.plist.xml; path = Info.plist; sourceTree = "<group>"; };
		80EFC12B2AC80CB10006DA72 /* CustomCell.swift */ = {isa = PBXFileReference; lastKnownFileType = sourcecode.swift; path = CustomCell.swift; sourceTree = "<group>"; };
		80EFC1472AC9D5990006DA72 /* CustomCollectionViewCell.swift */ = {isa = PBXFileReference; lastKnownFileType = sourcecode.swift; name = CustomCollectionViewCell.swift; path = "../../../../../../../../.Trash/SecondWorkbook 오후 10.32.33/SecondWorkbook/CustomCollectionViewCell.swift"; sourceTree = "<group>"; };
/* End PBXFileReference section */

/* Begin PBXFrameworksBuildPhase section */
		80EFC1112AC7FC970006DA72 /* Frameworks */ = {
			isa = PBXFrameworksBuildPhase;
			buildActionMask = 2147483647;
			files = (
			);
			runOnlyForDeploymentPostprocessing = 0;
		};
/* End PBXFrameworksBuildPhase section */

/* Begin PBXGroup section */
		80EFC10B2AC7FC970006DA72 = {
			isa = PBXGroup;
			children = (
				80EFC1162AC7FC970006DA72 /* SecondWorkbook */,
				80EFC1152AC7FC970006DA72 /* Products */,
			);
			sourceTree = "<group>";
		};
		80EFC1152AC7FC970006DA72 /* Products */ = {
			isa = PBXGroup;
			children = (
				80EFC1142AC7FC970006DA72 /* SecondWorkbook.app */,
			);
			name = Products;
			sourceTree = "<group>";
		};
		80EFC1162AC7FC970006DA72 /* SecondWorkbook */ = {
			isa = PBXGroup;
			children = (
				80EFC1172AC7FC970006DA72 /* AppDelegate.swift */,
				80EFC1192AC7FC970006DA72 /* SceneDelegate.swift */,
				80EFC11B2AC7FC970006DA72 /* ViewController.swift */,
				80EFC12B2AC80CB10006DA72 /* CustomCell.swift */,
				80EFC11D2AC7FC970006DA72 /* Main.storyboard */,
				80EFC1472AC9D5990006DA72 /* CustomCollectionViewCell.swift */,
				80EFC1202AC7FC970006DA72 /* Assets.xcassets */,
				80EFC1222AC7FC970006DA72 /* LaunchScreen.storyboard */,
				80EFC1252AC7FC970006DA72 /* Info.plist */,
			);
			path = SecondWorkbook;
			sourceTree = "<group>";
		};
/* End PBXGroup section */

/* Begin PBXNativeTarget section */
		80EFC1132AC7FC970006DA72 /* SecondWorkbook */ = {
			isa = PBXNativeTarget;
			buildConfigurationList = 80EFC1282AC7FC970006DA72 /* Build configuration list for PBXNativeTarget "SecondWorkbook" */;
			buildPhases = (
				80EFC1102AC7FC970006DA72 /* Sources */,
				80EFC1112AC7FC970006DA72 /* Frameworks */,
				80EFC1122AC7FC970006DA72 /* Resources */,
			);
			buildRules = (
			);
			dependencies = (
			);
			name = SecondWorkbook;
			productName = SecondWorkbook;
			productReference = 80EFC1142AC7FC970006DA72 /* SecondWorkbook.app */;
			productType = "com.apple.product-type.application";
		};
/* End PBXNativeTarget section */

/* Begin PBXProject section */
		80EFC10C2AC7FC970006DA72 /* Project object */ = {
			isa = PBXProject;
			attributes = {
				BuildIndependentTargetsInParallel = 1;
				LastSwiftUpdateCheck = 1420;
				LastUpgradeCheck = 1420;
				TargetAttributes = {
					80EFC1132AC7FC970006DA72 = {
						CreatedOnToolsVersion = 14.2;
					};
				};
			};
			buildConfigurationList = 80EFC10F2AC7FC970006DA72 /* Build configuration list for PBXProject "SecondWorkbook" */;
			compatibilityVersion = "Xcode 14.0";
			developmentRegion = en;
			hasScannedForEncodings = 0;
			knownRegions = (
				en,
				Base,
			);
			mainGroup = 80EFC10B2AC7FC970006DA72;
			productRefGroup = 80EFC1152AC7FC970006DA72 /* Products */;
			projectDirPath = "";
			projectRoot = "";
			targets = (
				80EFC1132AC7FC970006DA72 /* SecondWorkbook */,
			);
		};
/* End PBXProject section */

/* Begin PBXResourcesBuildPhase section */
		80EFC1122AC7FC970006DA72 /* Resources */ = {
			isa = PBXResourcesBuildPhase;
			buildActionMask = 2147483647;
			files = (
				80EFC1242AC7FC970006DA72 /* LaunchScreen.storyboard in Resources */,
				80EFC1212AC7FC970006DA72 /* Assets.xcassets in Resources */,
				80EFC11F2AC7FC970006DA72 /* Main.storyboard in Resources */,
			);
			runOnlyForDeploymentPostprocessing = 0;
		};
/* End PBXResourcesBuildPhase section */

/* Begin PBXSourcesBuildPhase section */
		80EFC1102AC7FC970006DA72 /* Sources */ = {
			isa = PBXSourcesBuildPhase;
			buildActionMask = 2147483647;
			files = (
				80EFC11C2AC7FC970006DA72 /* ViewController.swift in Sources */,
				80EFC1182AC7FC970006DA72 /* AppDelegate.swift in Sources */,
				80EFC12C2AC80CB10006DA72 /* CustomCell.swift in Sources */,
				80EFC1482AC9D5990006DA72 /* CustomCollectionViewCell.swift in Sources */,
				80EFC11A2AC7FC970006DA72 /* SceneDelegate.swift in Sources */,
			);
			runOnlyForDeploymentPostprocessing = 0;
		};
/* End PBXSourcesBuildPhase section */

/* Begin PBXVariantGroup section */
		80EFC11D2AC7FC970006DA72 /* Main.storyboard */ = {
			isa = PBXVariantGroup;
			children = (
				80EFC11E2AC7FC970006DA72 /* Base */,
			);
			name = Main.storyboard;
			sourceTree = "<group>";
		};
		80EFC1222AC7FC970006DA72 /* LaunchScreen.storyboard */ = {
			isa = PBXVariantGroup;
			children = (
				80EFC1232AC7FC970006DA72 /* Base */,
			);
			name = LaunchScreen.storyboard;
			sourceTree = "<group>";
		};
/* End PBXVariantGroup section */

/* Begin XCBuildConfiguration section */
		80EFC1262AC7FC970006DA72 /* Debug */ = {
			isa = XCBuildConfiguration;
			buildSettings = {
				ALWAYS_SEARCH_USER_PATHS = NO;
				CLANG_ANALYZER_NONNULL = YES;
				CLANG_ANALYZER_NUMBER_OBJECT_CONVERSION = YES_AGGRESSIVE;
				CLANG_CXX_LANGUAGE_STANDARD = "gnu++20";
				CLANG_ENABLE_MODULES = YES;
				CLANG_ENABLE_OBJC_ARC = YES;
				CLANG_ENABLE_OBJC_WEAK = YES;
				CLANG_WARN_BLOCK_CAPTURE_AUTORELEASING = YES;
				CLANG_WARN_BOOL_CONVERSION = YES;
				CLANG_WARN_COMMA = YES;
				CLANG_WARN_CONSTANT_CONVERSION = YES;
				CLANG_WARN_DEPRECATED_OBJC_IMPLEMENTATIONS = YES;
				CLANG_WARN_DIRECT_OBJC_ISA_USAGE = YES_ERROR;
				CLANG_WARN_DOCUMENTATION_COMMENTS = YES;
				CLANG_WARN_EMPTY_BODY = YES;
				CLANG_WARN_ENUM_CONVERSION = YES;
				CLANG_WARN_INFINITE_RECURSION = YES;
				CLANG_WARN_INT_CONVERSION = YES;
				CLANG_WARN_NON_LITERAL_NULL_CONVERSION = YES;
				CLANG_WARN_OBJC_IMPLICIT_RETAIN_SELF = YES;
				CLANG_WARN_OBJC_LITERAL_CONVERSION = YES;
				CLANG_WARN_OBJC_ROOT_CLASS = YES_ERROR;
				CLANG_WARN_QUOTED_INCLUDE_IN_FRAMEWORK_HEADER = YES;
				CLANG_WARN_RANGE_LOOP_ANALYSIS = YES;
				CLANG_WARN_STRICT_PROTOTYPES = YES;
				CLANG_WARN_SUSPICIOUS_MOVE = YES;
				CLANG_WARN_UNGUARDED_AVAILABILITY = YES_AGGRESSIVE;
				CLANG_WARN_UNREACHABLE_CODE = YES;
				CLANG_WARN__DUPLICATE_METHOD_MATCH = YES;
				COPY_PHASE_STRIP = NO;
				DEBUG_INFORMATION_FORMAT = dwarf;
				ENABLE_STRICT_OBJC_MSGSEND = YES;
				ENABLE_TESTABILITY = YES;
				GCC_C_LANGUAGE_STANDARD = gnu11;
				GCC_DYNAMIC_NO_PIC = NO;
				GCC_NO_COMMON_BLOCKS = YES;
				GCC_OPTIMIZATION_LEVEL = 0;
				GCC_PREPROCESSOR_DEFINITIONS = (
					"DEBUG=1",
					"$(inherited)",
				);
				GCC_WARN_64_TO_32_BIT_CONVERSION = YES;
				GCC_WARN_ABOUT_RETURN_TYPE = YES_ERROR;
				GCC_WARN_UNDECLARED_SELECTOR = YES;
				GCC_WARN_UNINITIALIZED_AUTOS = YES_AGGRESSIVE;
				GCC_WARN_UNUSED_FUNCTION = YES;
				GCC_WARN_UNUSED_VARIABLE = YES;
				IPHONEOS_DEPLOYMENT_TARGET = 16.2;
				MTL_ENABLE_DEBUG_INFO = INCLUDE_SOURCE;
				MTL_FAST_MATH = YES;
				ONLY_ACTIVE_ARCH = YES;
				SDKROOT = iphoneos;
				SWIFT_ACTIVE_COMPILATION_CONDITIONS = DEBUG;
				SWIFT_OPTIMIZATION_LEVEL = "-Onone";
			};
			name = Debug;
		};
		80EFC1272AC7FC970006DA72 /* Release */ = {
			isa = XCBuildConfiguration;
			buildSettings = {
				ALWAYS_SEARCH_USER_PATHS = NO;
				CLANG_ANALYZER_NONNULL = YES;
				CLANG_ANALYZER_NUMBER_OBJECT_CONVERSION = YES_AGGRESSIVE;
				CLANG_CXX_LANGUAGE_STANDARD = "gnu++20";
				CLANG_ENABLE_MODULES = YES;
				CLANG_ENABLE_OBJC_ARC = YES;
				CLANG_ENABLE_OBJC_WEAK = YES;
				CLANG_WARN_BLOCK_CAPTURE_AUTORELEASING = YES;
				CLANG_WARN_BOOL_CONVERSION = YES;
				CLANG_WARN_COMMA = YES;
				CLANG_WARN_CONSTANT_CONVERSION = YES;
				CLANG_WARN_DEPRECATED_OBJC_IMPLEMENTATIONS = YES;
				CLANG_WARN_DIRECT_OBJC_ISA_USAGE = YES_ERROR;
				CLANG_WARN_DOCUMENTATION_COMMENTS = YES;
				CLANG_WARN_EMPTY_BODY = YES;
				CLANG_WARN_ENUM_CONVERSION = YES;
				CLANG_WARN_INFINITE_RECURSION = YES;
				CLANG_WARN_INT_CONVERSION = YES;
				CLANG_WARN_NON_LITERAL_NULL_CONVERSION = YES;
				CLANG_WARN_OBJC_IMPLICIT_RETAIN_SELF = YES;
				CLANG_WARN_OBJC_LITERAL_CONVERSION = YES;
				CLANG_WARN_OBJC_ROOT_CLASS = YES_ERROR;
				CLANG_WARN_QUOTED_INCLUDE_IN_FRAMEWORK_HEADER = YES;
				CLANG_WARN_RANGE_LOOP_ANALYSIS = YES;
				CLANG_WARN_STRICT_PROTOTYPES = YES;
				CLANG_WARN_SUSPICIOUS_MOVE = YES;
				CLANG_WARN_UNGUARDED_AVAILABILITY = YES_AGGRESSIVE;
				CLANG_WARN_UNREACHABLE_CODE = YES;
				CLANG_WARN__DUPLICATE_METHOD_MATCH = YES;
				COPY_PHASE_STRIP = NO;
				DEBUG_INFORMATION_FORMAT = "dwarf-with-dsym";
				ENABLE_NS_ASSERTIONS = NO;
				ENABLE_STRICT_OBJC_MSGSEND = YES;
				GCC_C_LANGUAGE_STANDARD = gnu11;
				GCC_NO_COMMON_BLOCKS = YES;
				GCC_WARN_64_TO_32_BIT_CONVERSION = YES;
				GCC_WARN_ABOUT_RETURN_TYPE = YES_ERROR;
				GCC_WARN_UNDECLARED_SELECTOR = YES;
				GCC_WARN_UNINITIALIZED_AUTOS = YES_AGGRESSIVE;
				GCC_WARN_UNUSED_FUNCTION = YES;
				GCC_WARN_UNUSED_VARIABLE = YES;
				IPHONEOS_DEPLOYMENT_TARGET = 16.2;
				MTL_ENABLE_DEBUG_INFO = NO;
				MTL_FAST_MATH = YES;
				SDKROOT = iphoneos;
				SWIFT_COMPILATION_MODE = wholemodule;
				SWIFT_OPTIMIZATION_LEVEL = "-O";
				VALIDATE_PRODUCT = YES;
			};
			name = Release;
		};
		80EFC1292AC7FC970006DA72 /* Debug */ = {
			isa = XCBuildConfiguration;
			buildSettings = {
				ASSETCATALOG_COMPILER_APPICON_NAME = AppIcon;
				ASSETCATALOG_COMPILER_GLOBAL_ACCENT_COLOR_NAME = AccentColor;
				CODE_SIGN_STYLE = Automatic;
				CURRENT_PROJECT_VERSION = 1;
				GENERATE_INFOPLIST_FILE = YES;
				INFOPLIST_FILE = SecondWorkbook/Info.plist;
				INFOPLIST_KEY_UIApplicationSupportsIndirectInputEvents = YES;
				INFOPLIST_KEY_UILaunchStoryboardName = LaunchScreen;
				INFOPLIST_KEY_UIMainStoryboardFile = Main;
				INFOPLIST_KEY_UISupportedInterfaceOrientations_iPad = "UIInterfaceOrientationPortrait UIInterfaceOrientationPortraitUpsideDown UIInterfaceOrientationLandscapeLeft UIInterfaceOrientationLandscapeRight";
				INFOPLIST_KEY_UISupportedInterfaceOrientations_iPhone = "UIInterfaceOrientationPortrait UIInterfaceOrientationLandscapeLeft UIInterfaceOrientationLandscapeRight";
				LD_RUNPATH_SEARCH_PATHS = (
					"$(inherited)",
					"@executable_path/Frameworks",
				);
				MARKETING_VERSION = 1.0;
				PRODUCT_BUNDLE_IDENTIFIER = soomin.SecondWorkbook;
				PRODUCT_NAME = "$(TARGET_NAME)";
				SWIFT_EMIT_LOC_STRINGS = YES;
				SWIFT_VERSION = 5.0;
				TARGETED_DEVICE_FAMILY = "1,2";
			};
			name = Debug;
		};
		80EFC12A2AC7FC970006DA72 /* Release */ = {
			isa = XCBuildConfiguration;
			buildSettings = {
				ASSETCATALOG_COMPILER_APPICON_NAME = AppIcon;
				ASSETCATALOG_COMPILER_GLOBAL_ACCENT_COLOR_NAME = AccentColor;
				CODE_SIGN_STYLE = Automatic;
				CURRENT_PROJECT_VERSION = 1;
				GENERATE_INFOPLIST_FILE = YES;
				INFOPLIST_FILE = SecondWorkbook/Info.plist;
				INFOPLIST_KEY_UIApplicationSupportsIndirectInputEvents = YES;
				INFOPLIST_KEY_UILaunchStoryboardName = LaunchScreen;
				INFOPLIST_KEY_UIMainStoryboardFile = Main;
				INFOPLIST_KEY_UISupportedInterfaceOrientations_iPad = "UIInterfaceOrientationPortrait UIInterfaceOrientationPortraitUpsideDown UIInterfaceOrientationLandscapeLeft UIInterfaceOrientationLandscapeRight";
				INFOPLIST_KEY_UISupportedInterfaceOrientations_iPhone = "UIInterfaceOrientationPortrait UIInterfaceOrientationLandscapeLeft UIInterfaceOrientationLandscapeRight";
				LD_RUNPATH_SEARCH_PATHS = (
					"$(inherited)",
					"@executable_path/Frameworks",
				);
				MARKETING_VERSION = 1.0;
				PRODUCT_BUNDLE_IDENTIFIER = soomin.SecondWorkbook;
				PRODUCT_NAME = "$(TARGET_NAME)";
				SWIFT_EMIT_LOC_STRINGS = YES;
				SWIFT_VERSION = 5.0;
				TARGETED_DEVICE_FAMILY = "1,2";
			};
			name = Release;
		};
/* End XCBuildConfiguration section */

/* Begin XCConfigurationList section */
		80EFC10F2AC7FC970006DA72 /* Build configuration list for PBXProject "SecondWorkbook" */ = {
			isa = XCConfigurationList;
			buildConfigurations = (
				80EFC1262AC7FC970006DA72 /* Debug */,
				80EFC1272AC7FC970006DA72 /* Release */,
			);
			defaultConfigurationIsVisible = 0;
			defaultConfigurationName = Release;
		};
		80EFC1282AC7FC970006DA72 /* Build configuration list for PBXNativeTarget "SecondWorkbook" */ = {
			isa = XCConfigurationList;
			buildConfigurations = (
				80EFC1292AC7FC970006DA72 /* Debug */,
				80EFC12A2AC7FC970006DA72 /* Release */,
			);
			defaultConfigurationIsVisible = 0;
			defaultConfigurationName = Release;
		};
/* End XCConfigurationList section */
	};
	rootObject = 80EFC10C2AC7FC970006DA72 /* Project object */;
}
