// !$*UTF8*$!
{
	archiveVersion = 1;
	classes = {
	};
	objectVersion = 56;
	objects = {

/* Begin PBXBuildFile section */
		954B6B612AC57BE100FDCFAB /* AppDelegate.swift in Sources */ = {isa = PBXBuildFile; fileRef = 954B6B602AC57BE100FDCFAB /* AppDelegate.swift */; };
		954B6B632AC57BE100FDCFAB /* SceneDelegate.swift in Sources */ = {isa = PBXBuildFile; fileRef = 954B6B622AC57BE100FDCFAB /* SceneDelegate.swift */; };
		954B6B652AC57BE100FDCFAB /* ViewController.swift in Sources */ = {isa = PBXBuildFile; fileRef = 954B6B642AC57BE100FDCFAB /* ViewController.swift */; };
		954B6B6A2AC57BE200FDCFAB /* Assets.xcassets in Resources */ = {isa = PBXBuildFile; fileRef = 954B6B692AC57BE200FDCFAB /* Assets.xcassets */; };
		954B6B6D2AC57BE200FDCFAB /* LaunchScreen.storyboard in Resources */ = {isa = PBXBuildFile; fileRef = 954B6B6B2AC57BE200FDCFAB /* LaunchScreen.storyboard */; };
		E1EFEB5A2B15F2690073E7B0 /* SnapKit in Frameworks */ = {isa = PBXBuildFile; productRef = E1EFEB592B15F2690073E7B0 /* SnapKit */; };
		E1EFEB5C2B15F2BB0073E7B0 /* MemoTableViewCell.swift in Sources */ = {isa = PBXBuildFile; fileRef = E1EFEB5B2B15F2BB0073E7B0 /* MemoTableViewCell.swift */; };
		E1EFEB5E2B15F2EB0073E7B0 /* AddMemoViewController.swift in Sources */ = {isa = PBXBuildFile; fileRef = E1EFEB5D2B15F2EB0073E7B0 /* AddMemoViewController.swift */; };
/* End PBXBuildFile section */

/* Begin PBXFileReference section */
		954B6B5D2AC57BE100FDCFAB /* iOS_Study_A.app */ = {isa = PBXFileReference; explicitFileType = wrapper.application; includeInIndex = 0; path = iOS_Study_A.app; sourceTree = BUILT_PRODUCTS_DIR; };
		954B6B602AC57BE100FDCFAB /* AppDelegate.swift */ = {isa = PBXFileReference; lastKnownFileType = sourcecode.swift; path = AppDelegate.swift; sourceTree = "<group>"; };
		954B6B622AC57BE100FDCFAB /* SceneDelegate.swift */ = {isa = PBXFileReference; lastKnownFileType = sourcecode.swift; path = SceneDelegate.swift; sourceTree = "<group>"; };
		954B6B642AC57BE100FDCFAB /* ViewController.swift */ = {isa = PBXFileReference; lastKnownFileType = sourcecode.swift; path = ViewController.swift; sourceTree = "<group>"; };
		954B6B692AC57BE200FDCFAB /* Assets.xcassets */ = {isa = PBXFileReference; lastKnownFileType = folder.assetcatalog; path = Assets.xcassets; sourceTree = "<group>"; };
		954B6B6C2AC57BE200FDCFAB /* Base */ = {isa = PBXFileReference; lastKnownFileType = file.storyboard; name = Base; path = Base.lproj/LaunchScreen.storyboard; sourceTree = "<group>"; };
		954B6B6E2AC57BE200FDCFAB /* Info.plist */ = {isa = PBXFileReference; lastKnownFileType = text.plist.xml; path = Info.plist; sourceTree = "<group>"; };
		E1EFEB5B2B15F2BB0073E7B0 /* MemoTableViewCell.swift */ = {isa = PBXFileReference; lastKnownFileType = sourcecode.swift; path = MemoTableViewCell.swift; sourceTree = "<group>"; };
		E1EFEB5D2B15F2EB0073E7B0 /* AddMemoViewController.swift */ = {isa = PBXFileReference; lastKnownFileType = sourcecode.swift; path = AddMemoViewController.swift; sourceTree = "<group>"; };
/* End PBXFileReference section */

/* Begin PBXFrameworksBuildPhase section */
		954B6B5A2AC57BE100FDCFAB /* Frameworks */ = {
			isa = PBXFrameworksBuildPhase;
			buildActionMask = 2147483647;
			files = (
				E1EFEB5A2B15F2690073E7B0 /* SnapKit in Frameworks */,
			);
			runOnlyForDeploymentPostprocessing = 0;
		};
/* End PBXFrameworksBuildPhase section */

/* Begin PBXGroup section */
		954B6B542AC57BE100FDCFAB = {
			isa = PBXGroup;
			children = (
				954B6B5F2AC57BE100FDCFAB /* iOS_Study_A */,
				954B6B5E2AC57BE100FDCFAB /* Products */,
			);
			sourceTree = "<group>";
		};
		954B6B5E2AC57BE100FDCFAB /* Products */ = {
			isa = PBXGroup;
			children = (
				954B6B5D2AC57BE100FDCFAB /* iOS_Study_A.app */,
			);
			name = Products;
			sourceTree = "<group>";
		};
		954B6B5F2AC57BE100FDCFAB /* iOS_Study_A */ = {
			isa = PBXGroup;
			children = (
				954B6B602AC57BE100FDCFAB /* AppDelegate.swift */,
				954B6B622AC57BE100FDCFAB /* SceneDelegate.swift */,
				954B6B642AC57BE100FDCFAB /* ViewController.swift */,
				E1EFEB5B2B15F2BB0073E7B0 /* MemoTableViewCell.swift */,
				E1EFEB5D2B15F2EB0073E7B0 /* AddMemoViewController.swift */,
				954B6B692AC57BE200FDCFAB /* Assets.xcassets */,
				954B6B6B2AC57BE200FDCFAB /* LaunchScreen.storyboard */,
				954B6B6E2AC57BE200FDCFAB /* Info.plist */,
			);
			path = iOS_Study_A;
			sourceTree = "<group>";
		};
/* End PBXGroup section */

/* Begin PBXNativeTarget section */
		954B6B5C2AC57BE100FDCFAB /* iOS_Study_A */ = {
			isa = PBXNativeTarget;
			buildConfigurationList = 954B6B712AC57BE200FDCFAB /* Build configuration list for PBXNativeTarget "iOS_Study_A" */;
			buildPhases = (
				954B6B592AC57BE100FDCFAB /* Sources */,
				954B6B5A2AC57BE100FDCFAB /* Frameworks */,
				954B6B5B2AC57BE100FDCFAB /* Resources */,
			);
			buildRules = (
			);
			dependencies = (
			);
			name = iOS_Study_A;
			packageProductDependencies = (
				E1EFEB592B15F2690073E7B0 /* SnapKit */,
			);
			productName = iOS_Study_A;
			productReference = 954B6B5D2AC57BE100FDCFAB /* iOS_Study_A.app */;
			productType = "com.apple.product-type.application";
		};
/* End PBXNativeTarget section */

/* Begin PBXProject section */
		954B6B552AC57BE100FDCFAB /* Project object */ = {
			isa = PBXProject;
			attributes = {
				BuildIndependentTargetsInParallel = 1;
				LastSwiftUpdateCheck = 1430;
				LastUpgradeCheck = 1430;
				TargetAttributes = {
					954B6B5C2AC57BE100FDCFAB = {
						CreatedOnToolsVersion = 14.3.1;
					};
				};
			};
			buildConfigurationList = 954B6B582AC57BE100FDCFAB /* Build configuration list for PBXProject "iOS_Study_A" */;
			compatibilityVersion = "Xcode 14.0";
			developmentRegion = en;
			hasScannedForEncodings = 0;
			knownRegions = (
				en,
				Base,
			);
			mainGroup = 954B6B542AC57BE100FDCFAB;
			packageReferences = (
				E1EFEB582B15F2690073E7B0 /* XCRemoteSwiftPackageReference "SnapKit" */,
			);
			productRefGroup = 954B6B5E2AC57BE100FDCFAB /* Products */;
			projectDirPath = "";
			projectRoot = "";
			targets = (
				954B6B5C2AC57BE100FDCFAB /* iOS_Study_A */,
			);
		};
/* End PBXProject section */

/* Begin PBXResourcesBuildPhase section */
		954B6B5B2AC57BE100FDCFAB /* Resources */ = {
			isa = PBXResourcesBuildPhase;
			buildActionMask = 2147483647;
			files = (
				954B6B6D2AC57BE200FDCFAB /* LaunchScreen.storyboard in Resources */,
				954B6B6A2AC57BE200FDCFAB /* Assets.xcassets in Resources */,
			);
			runOnlyForDeploymentPostprocessing = 0;
		};
/* End PBXResourcesBuildPhase section */

/* Begin PBXSourcesBuildPhase section */
		954B6B592AC57BE100FDCFAB /* Sources */ = {
			isa = PBXSourcesBuildPhase;
			buildActionMask = 2147483647;
			files = (
				954B6B652AC57BE100FDCFAB /* ViewController.swift in Sources */,
				E1EFEB5E2B15F2EB0073E7B0 /* AddMemoViewController.swift in Sources */,
				954B6B612AC57BE100FDCFAB /* AppDelegate.swift in Sources */,
				954B6B632AC57BE100FDCFAB /* SceneDelegate.swift in Sources */,
				E1EFEB5C2B15F2BB0073E7B0 /* MemoTableViewCell.swift in Sources */,
			);
			runOnlyForDeploymentPostprocessing = 0;
		};
/* End PBXSourcesBuildPhase section */

/* Begin PBXVariantGroup section */
		954B6B6B2AC57BE200FDCFAB /* LaunchScreen.storyboard */ = {
			isa = PBXVariantGroup;
			children = (
				954B6B6C2AC57BE200FDCFAB /* Base */,
			);
			name = LaunchScreen.storyboard;
			sourceTree = "<group>";
		};
/* End PBXVariantGroup section */

/* Begin XCBuildConfiguration section */
		954B6B6F2AC57BE200FDCFAB /* Debug */ = {
			isa = XCBuildConfiguration;
			buildSettings = {
				ALWAYS_SEARCH_USER_PATHS = NO;
				CLANG_ANALYZER_NONNULL = YES;
				CLANG_ANALYZER_NUMBER_OBJECT_CONVERSION = YES_AGGRESSIVE;
				CLANG_CXX_LANGUAGE_STANDARD = "gnu++20";
				CLANG_ENABLE_MODULES = YES;
				CLANG_ENABLE_OBJC_ARC = YES;
				CLANG_ENABLE_OBJC_WEAK = YES;
				CLANG_WARN_BLOCK_CAPTURE_AUTORELEASING = YES;
				CLANG_WARN_BOOL_CONVERSION = YES;
				CLANG_WARN_COMMA = YES;
				CLANG_WARN_CONSTANT_CONVERSION = YES;
				CLANG_WARN_DEPRECATED_OBJC_IMPLEMENTATIONS = YES;
				CLANG_WARN_DIRECT_OBJC_ISA_USAGE = YES_ERROR;
				CLANG_WARN_DOCUMENTATION_COMMENTS = YES;
				CLANG_WARN_EMPTY_BODY = YES;
				CLANG_WARN_ENUM_CONVERSION = YES;
				CLANG_WARN_INFINITE_RECURSION = YES;
				CLANG_WARN_INT_CONVERSION = YES;
				CLANG_WARN_NON_LITERAL_NULL_CONVERSION = YES;
				CLANG_WARN_OBJC_IMPLICIT_RETAIN_SELF = YES;
				CLANG_WARN_OBJC_LITERAL_CONVERSION = YES;
				CLANG_WARN_OBJC_ROOT_CLASS = YES_ERROR;
				CLANG_WARN_QUOTED_INCLUDE_IN_FRAMEWORK_HEADER = YES;
				CLANG_WARN_RANGE_LOOP_ANALYSIS = YES;
				CLANG_WARN_STRICT_PROTOTYPES = YES;
				CLANG_WARN_SUSPICIOUS_MOVE = YES;
				CLANG_WARN_UNGUARDED_AVAILABILITY = YES_AGGRESSIVE;
				CLANG_WARN_UNREACHABLE_CODE = YES;
				CLANG_WARN__DUPLICATE_METHOD_MATCH = YES;
				COPY_PHASE_STRIP = NO;
				DEBUG_INFORMATION_FORMAT = dwarf;
				ENABLE_STRICT_OBJC_MSGSEND = YES;
				ENABLE_TESTABILITY = YES;
				GCC_C_LANGUAGE_STANDARD = gnu11;
				GCC_DYNAMIC_NO_PIC = NO;
				GCC_NO_COMMON_BLOCKS = YES;
				GCC_OPTIMIZATION_LEVEL = 0;
				GCC_PREPROCESSOR_DEFINITIONS = (
					"DEBUG=1",
					"$(inherited)",
				);
				GCC_WARN_64_TO_32_BIT_CONVERSION = YES;
				GCC_WARN_ABOUT_RETURN_TYPE = YES_ERROR;
				GCC_WARN_UNDECLARED_SELECTOR = YES;
				GCC_WARN_UNINITIALIZED_AUTOS = YES_AGGRESSIVE;
				GCC_WARN_UNUSED_FUNCTION = YES;
				GCC_WARN_UNUSED_VARIABLE = YES;
				IPHONEOS_DEPLOYMENT_TARGET = 16.4;
				MTL_ENABLE_DEBUG_INFO = INCLUDE_SOURCE;
				MTL_FAST_MATH = YES;
				ONLY_ACTIVE_ARCH = YES;
				SDKROOT = iphoneos;
				SWIFT_ACTIVE_COMPILATION_CONDITIONS = DEBUG;
				SWIFT_OPTIMIZATION_LEVEL = "-Onone";
			};
			name = Debug;
		};
		954B6B702AC57BE200FDCFAB /* Release */ = {
			isa = XCBuildConfiguration;
			buildSettings = {
				ALWAYS_SEARCH_USER_PATHS = NO;
				CLANG_ANALYZER_NONNULL = YES;
				CLANG_ANALYZER_NUMBER_OBJECT_CONVERSION = YES_AGGRESSIVE;
				CLANG_CXX_LANGUAGE_STANDARD = "gnu++20";
				CLANG_ENABLE_MODULES = YES;
				CLANG_ENABLE_OBJC_ARC = YES;
				CLANG_ENABLE_OBJC_WEAK = YES;
				CLANG_WARN_BLOCK_CAPTURE_AUTORELEASING = YES;
				CLANG_WARN_BOOL_CONVERSION = YES;
				CLANG_WARN_COMMA = YES;
				CLANG_WARN_CONSTANT_CONVERSION = YES;
				CLANG_WARN_DEPRECATED_OBJC_IMPLEMENTATIONS = YES;
				CLANG_WARN_DIRECT_OBJC_ISA_USAGE = YES_ERROR;
				CLANG_WARN_DOCUMENTATION_COMMENTS = YES;
				CLANG_WARN_EMPTY_BODY = YES;
				CLANG_WARN_ENUM_CONVERSION = YES;
				CLANG_WARN_INFINITE_RECURSION = YES;
				CLANG_WARN_INT_CONVERSION = YES;
				CLANG_WARN_NON_LITERAL_NULL_CONVERSION = YES;
				CLANG_WARN_OBJC_IMPLICIT_RETAIN_SELF = YES;
				CLANG_WARN_OBJC_LITERAL_CONVERSION = YES;
				CLANG_WARN_OBJC_ROOT_CLASS = YES_ERROR;
				CLANG_WARN_QUOTED_INCLUDE_IN_FRAMEWORK_HEADER = YES;
				CLANG_WARN_RANGE_LOOP_ANALYSIS = YES;
				CLANG_WARN_STRICT_PROTOTYPES = YES;
				CLANG_WARN_SUSPICIOUS_MOVE = YES;
				CLANG_WARN_UNGUARDED_AVAILABILITY = YES_AGGRESSIVE;
				CLANG_WARN_UNREACHABLE_CODE = YES;
				CLANG_WARN__DUPLICATE_METHOD_MATCH = YES;
				COPY_PHASE_STRIP = NO;
				DEBUG_INFORMATION_FORMAT = "dwarf-with-dsym";
				ENABLE_NS_ASSERTIONS = NO;
				ENABLE_STRICT_OBJC_MSGSEND = YES;
				GCC_C_LANGUAGE_STANDARD = gnu11;
				GCC_NO_COMMON_BLOCKS = YES;
				GCC_WARN_64_TO_32_BIT_CONVERSION = YES;
				GCC_WARN_ABOUT_RETURN_TYPE = YES_ERROR;
				GCC_WARN_UNDECLARED_SELECTOR = YES;
				GCC_WARN_UNINITIALIZED_AUTOS = YES_AGGRESSIVE;
				GCC_WARN_UNUSED_FUNCTION = YES;
				GCC_WARN_UNUSED_VARIABLE = YES;
				IPHONEOS_DEPLOYMENT_TARGET = 16.4;
				MTL_ENABLE_DEBUG_INFO = NO;
				MTL_FAST_MATH = YES;
				SDKROOT = iphoneos;
				SWIFT_COMPILATION_MODE = wholemodule;
				SWIFT_OPTIMIZATION_LEVEL = "-O";
				VALIDATE_PRODUCT = YES;
			};
			name = Release;
		};
		954B6B722AC57BE200FDCFAB /* Debug */ = {
			isa = XCBuildConfiguration;
			buildSettings = {
				ASSETCATALOG_COMPILER_APPICON_NAME = AppIcon;
				ASSETCATALOG_COMPILER_GLOBAL_ACCENT_COLOR_NAME = AccentColor;
				CODE_SIGN_STYLE = Automatic;
				CURRENT_PROJECT_VERSION = 1;
				GENERATE_INFOPLIST_FILE = YES;
				INFOPLIST_FILE = iOS_Study_A/Info.plist;
				INFOPLIST_KEY_UIApplicationSupportsIndirectInputEvents = YES;
				INFOPLIST_KEY_UILaunchStoryboardName = LaunchScreen;
				INFOPLIST_KEY_UISupportedInterfaceOrientations_iPad = "UIInterfaceOrientationPortrait UIInterfaceOrientationPortraitUpsideDown UIInterfaceOrientationLandscapeLeft UIInterfaceOrientationLandscapeRight";
				INFOPLIST_KEY_UISupportedInterfaceOrientations_iPhone = "UIInterfaceOrientationPortrait UIInterfaceOrientationLandscapeLeft UIInterfaceOrientationLandscapeRight";
				LD_RUNPATH_SEARCH_PATHS = (
					"$(inherited)",
					"@executable_path/Frameworks",
				);
				MARKETING_VERSION = 1.0;
				PRODUCT_BUNDLE_IDENTIFIER = "jiyoon.iOS-Study-A";
				PRODUCT_NAME = "$(TARGET_NAME)";
				SWIFT_EMIT_LOC_STRINGS = YES;
				SWIFT_VERSION = 5.0;
				TARGETED_DEVICE_FAMILY = "1,2";
			};
			name = Debug;
		};
		954B6B732AC57BE200FDCFAB /* Release */ = {
			isa = XCBuildConfiguration;
			buildSettings = {
				ASSETCATALOG_COMPILER_APPICON_NAME = AppIcon;
				ASSETCATALOG_COMPILER_GLOBAL_ACCENT_COLOR_NAME = AccentColor;
				CODE_SIGN_STYLE = Automatic;
				CURRENT_PROJECT_VERSION = 1;
				GENERATE_INFOPLIST_FILE = YES;
				INFOPLIST_FILE = iOS_Study_A/Info.plist;
				INFOPLIST_KEY_UIApplicationSupportsIndirectInputEvents = YES;
				INFOPLIST_KEY_UILaunchStoryboardName = LaunchScreen;
				INFOPLIST_KEY_UISupportedInterfaceOrientations_iPad = "UIInterfaceOrientationPortrait UIInterfaceOrientationPortraitUpsideDown UIInterfaceOrientationLandscapeLeft UIInterfaceOrientationLandscapeRight";
				INFOPLIST_KEY_UISupportedInterfaceOrientations_iPhone = "UIInterfaceOrientationPortrait UIInterfaceOrientationLandscapeLeft UIInterfaceOrientationLandscapeRight";
				LD_RUNPATH_SEARCH_PATHS = (
					"$(inherited)",
					"@executable_path/Frameworks",
				);
				MARKETING_VERSION = 1.0;
				PRODUCT_BUNDLE_IDENTIFIER = "jiyoon.iOS-Study-A";
				PRODUCT_NAME = "$(TARGET_NAME)";
				SWIFT_EMIT_LOC_STRINGS = YES;
				SWIFT_VERSION = 5.0;
				TARGETED_DEVICE_FAMILY = "1,2";
			};
			name = Release;
		};
/* End XCBuildConfiguration section */

/* Begin XCConfigurationList section */
		954B6B582AC57BE100FDCFAB /* Build configuration list for PBXProject "iOS_Study_A" */ = {
			isa = XCConfigurationList;
			buildConfigurations = (
				954B6B6F2AC57BE200FDCFAB /* Debug */,
				954B6B702AC57BE200FDCFAB /* Release */,
			);
			defaultConfigurationIsVisible = 0;
			defaultConfigurationName = Release;
		};
		954B6B712AC57BE200FDCFAB /* Build configuration list for PBXNativeTarget "iOS_Study_A" */ = {
			isa = XCConfigurationList;
			buildConfigurations = (
				954B6B722AC57BE200FDCFAB /* Debug */,
				954B6B732AC57BE200FDCFAB /* Release */,
			);
			defaultConfigurationIsVisible = 0;
			defaultConfigurationName = Release;
		};
/* End XCConfigurationList section */

/* Begin XCRemoteSwiftPackageReference section */
		E1EFEB582B15F2690073E7B0 /* XCRemoteSwiftPackageReference "SnapKit" */ = {
			isa = XCRemoteSwiftPackageReference;
			repositoryURL = "https://github.com/SnapKit/SnapKit.git";
			requirement = {
				kind = upToNextMajorVersion;
				minimumVersion = 5.0.0;
			};
		};
/* End XCRemoteSwiftPackageReference section */

/* Begin XCSwiftPackageProductDependency section */
		E1EFEB592B15F2690073E7B0 /* SnapKit */ = {
			isa = XCSwiftPackageProductDependency;
			package = E1EFEB582B15F2690073E7B0 /* XCRemoteSwiftPackageReference "SnapKit" */;
			productName = SnapKit;
		};
/* End XCSwiftPackageProductDependency section */
	};
	rootObject = 954B6B552AC57BE100FDCFAB /* Project object */;
}
