// !$*UTF8*$!
{
	archiveVersion = 1;
	classes = {
	};
	objectVersion = 56;
	objects = {

/* Begin PBXBuildFile section */
		DF5218222B0B1B2F007E3E9F /* ModifyMemoViewController.swift in Sources */ = {isa = PBXBuildFile; fileRef = DF5218212B0B1B2F007E3E9F /* ModifyMemoViewController.swift */; };
		DF5218242B0B1C6B007E3E9F /* DetailViewController.swift in Sources */ = {isa = PBXBuildFile; fileRef = DF5218232B0B1C6B007E3E9F /* DetailViewController.swift */; };
		DFB4131F2B0A739200DA60B7 /* AppDelegate.swift in Sources */ = {isa = PBXBuildFile; fileRef = DFB4131E2B0A739200DA60B7 /* AppDelegate.swift */; };
		DFB413212B0A739200DA60B7 /* SceneDelegate.swift in Sources */ = {isa = PBXBuildFile; fileRef = DFB413202B0A739200DA60B7 /* SceneDelegate.swift */; };
		DFB413232B0A739200DA60B7 /* ViewController.swift in Sources */ = {isa = PBXBuildFile; fileRef = DFB413222B0A739200DA60B7 /* ViewController.swift */; };
		DFB413282B0A739400DA60B7 /* Assets.xcassets in Resources */ = {isa = PBXBuildFile; fileRef = DFB413272B0A739400DA60B7 /* Assets.xcassets */; };
		DFB4132B2B0A739400DA60B7 /* LaunchScreen.storyboard in Resources */ = {isa = PBXBuildFile; fileRef = DFB413292B0A739400DA60B7 /* LaunchScreen.storyboard */; };
		DFB413342B0A761600DA60B7 /* SnapKit in Frameworks */ = {isa = PBXBuildFile; productRef = DFB413332B0A761600DA60B7 /* SnapKit */; };
		DFB413362B0A76DF00DA60B7 /* MemoTableViewCell.swift in Sources */ = {isa = PBXBuildFile; fileRef = DFB413352B0A76DF00DA60B7 /* MemoTableViewCell.swift */; };
		DFB413382B0A7C4200DA60B7 /* AddMemoViewController.swift in Sources */ = {isa = PBXBuildFile; fileRef = DFB413372B0A7C4200DA60B7 /* AddMemoViewController.swift */; };
/* End PBXBuildFile section */

/* Begin PBXFileReference section */
		DF5218212B0B1B2F007E3E9F /* ModifyMemoViewController.swift */ = {isa = PBXFileReference; lastKnownFileType = sourcecode.swift; path = ModifyMemoViewController.swift; sourceTree = "<group>"; };
		DF5218232B0B1C6B007E3E9F /* DetailViewController.swift */ = {isa = PBXFileReference; lastKnownFileType = sourcecode.swift; path = DetailViewController.swift; sourceTree = "<group>"; };
		DFB4131B2B0A739200DA60B7 /* MemoClone.app */ = {isa = PBXFileReference; explicitFileType = wrapper.application; includeInIndex = 0; path = MemoClone.app; sourceTree = BUILT_PRODUCTS_DIR; };
		DFB4131E2B0A739200DA60B7 /* AppDelegate.swift */ = {isa = PBXFileReference; lastKnownFileType = sourcecode.swift; path = AppDelegate.swift; sourceTree = "<group>"; };
		DFB413202B0A739200DA60B7 /* SceneDelegate.swift */ = {isa = PBXFileReference; lastKnownFileType = sourcecode.swift; path = SceneDelegate.swift; sourceTree = "<group>"; };
		DFB413222B0A739200DA60B7 /* ViewController.swift */ = {isa = PBXFileReference; lastKnownFileType = sourcecode.swift; path = ViewController.swift; sourceTree = "<group>"; };
		DFB413272B0A739400DA60B7 /* Assets.xcassets */ = {isa = PBXFileReference; lastKnownFileType = folder.assetcatalog; path = Assets.xcassets; sourceTree = "<group>"; };
		DFB4132A2B0A739400DA60B7 /* Base */ = {isa = PBXFileReference; lastKnownFileType = file.storyboard; name = Base; path = Base.lproj/LaunchScreen.storyboard; sourceTree = "<group>"; };
		DFB4132C2B0A739400DA60B7 /* Info.plist */ = {isa = PBXFileReference; lastKnownFileType = text.plist.xml; path = Info.plist; sourceTree = "<group>"; };
		DFB413352B0A76DF00DA60B7 /* MemoTableViewCell.swift */ = {isa = PBXFileReference; lastKnownFileType = sourcecode.swift; path = MemoTableViewCell.swift; sourceTree = "<group>"; };
		DFB413372B0A7C4200DA60B7 /* AddMemoViewController.swift */ = {isa = PBXFileReference; lastKnownFileType = sourcecode.swift; path = AddMemoViewController.swift; sourceTree = "<group>"; };
/* End PBXFileReference section */

/* Begin PBXFrameworksBuildPhase section */
		DFB413182B0A739200DA60B7 /* Frameworks */ = {
			isa = PBXFrameworksBuildPhase;
			buildActionMask = 2147483647;
			files = (
				DFB413342B0A761600DA60B7 /* SnapKit in Frameworks */,
			);
			runOnlyForDeploymentPostprocessing = 0;
		};
/* End PBXFrameworksBuildPhase section */

/* Begin PBXGroup section */
		DFB413122B0A739200DA60B7 = {
			isa = PBXGroup;
			children = (
				DFB4131D2B0A739200DA60B7 /* MemoClone */,
				DFB4131C2B0A739200DA60B7 /* Products */,
			);
			sourceTree = "<group>";
		};
		DFB4131C2B0A739200DA60B7 /* Products */ = {
			isa = PBXGroup;
			children = (
				DFB4131B2B0A739200DA60B7 /* MemoClone.app */,
			);
			name = Products;
			sourceTree = "<group>";
		};
		DFB4131D2B0A739200DA60B7 /* MemoClone */ = {
			isa = PBXGroup;
			children = (
				DFB4131E2B0A739200DA60B7 /* AppDelegate.swift */,
				DFB413202B0A739200DA60B7 /* SceneDelegate.swift */,
				DFB413222B0A739200DA60B7 /* ViewController.swift */,
				DFB413272B0A739400DA60B7 /* Assets.xcassets */,
				DFB413292B0A739400DA60B7 /* LaunchScreen.storyboard */,
				DFB4132C2B0A739400DA60B7 /* Info.plist */,
				DFB413352B0A76DF00DA60B7 /* MemoTableViewCell.swift */,
				DFB413372B0A7C4200DA60B7 /* AddMemoViewController.swift */,
				DF5218212B0B1B2F007E3E9F /* ModifyMemoViewController.swift */,
				DF5218232B0B1C6B007E3E9F /* DetailViewController.swift */,
			);
			path = MemoClone;
			sourceTree = "<group>";
		};
/* End PBXGroup section */

/* Begin PBXNativeTarget section */
		DFB4131A2B0A739200DA60B7 /* MemoClone */ = {
			isa = PBXNativeTarget;
			buildConfigurationList = DFB4132F2B0A739400DA60B7 /* Build configuration list for PBXNativeTarget "MemoClone" */;
			buildPhases = (
				DFB413172B0A739200DA60B7 /* Sources */,
				DFB413182B0A739200DA60B7 /* Frameworks */,
				DFB413192B0A739200DA60B7 /* Resources */,
			);
			buildRules = (
			);
			dependencies = (
			);
			name = MemoClone;
			packageProductDependencies = (
				DFB413332B0A761600DA60B7 /* SnapKit */,
			);
			productName = MemoClone;
			productReference = DFB4131B2B0A739200DA60B7 /* MemoClone.app */;
			productType = "com.apple.product-type.application";
		};
/* End PBXNativeTarget section */

/* Begin PBXProject section */
		DFB413132B0A739200DA60B7 /* Project object */ = {
			isa = PBXProject;
			attributes = {
				BuildIndependentTargetsInParallel = 1;
				LastSwiftUpdateCheck = 1430;
				LastUpgradeCheck = 1430;
				TargetAttributes = {
					DFB4131A2B0A739200DA60B7 = {
						CreatedOnToolsVersion = 14.3.1;
					};
				};
			};
			buildConfigurationList = DFB413162B0A739200DA60B7 /* Build configuration list for PBXProject "MemoClone" */;
			compatibilityVersion = "Xcode 14.0";
			developmentRegion = en;
			hasScannedForEncodings = 0;
			knownRegions = (
				en,
				Base,
			);
			mainGroup = DFB413122B0A739200DA60B7;
			packageReferences = (
				DFB413322B0A761600DA60B7 /* XCRemoteSwiftPackageReference "SnapKit" */,
			);
			productRefGroup = DFB4131C2B0A739200DA60B7 /* Products */;
			projectDirPath = "";
			projectRoot = "";
			targets = (
				DFB4131A2B0A739200DA60B7 /* MemoClone */,
			);
		};
/* End PBXProject section */

/* Begin PBXResourcesBuildPhase section */
		DFB413192B0A739200DA60B7 /* Resources */ = {
			isa = PBXResourcesBuildPhase;
			buildActionMask = 2147483647;
			files = (
				DFB4132B2B0A739400DA60B7 /* LaunchScreen.storyboard in Resources */,
				DFB413282B0A739400DA60B7 /* Assets.xcassets in Resources */,
			);
			runOnlyForDeploymentPostprocessing = 0;
		};
/* End PBXResourcesBuildPhase section */

/* Begin PBXSourcesBuildPhase section */
		DFB413172B0A739200DA60B7 /* Sources */ = {
			isa = PBXSourcesBuildPhase;
			buildActionMask = 2147483647;
			files = (
				DFB413232B0A739200DA60B7 /* ViewController.swift in Sources */,
				DFB4131F2B0A739200DA60B7 /* AppDelegate.swift in Sources */,
				DFB413212B0A739200DA60B7 /* SceneDelegate.swift in Sources */,
				DFB413382B0A7C4200DA60B7 /* AddMemoViewController.swift in Sources */,
				DF5218222B0B1B2F007E3E9F /* ModifyMemoViewController.swift in Sources */,
				DFB413362B0A76DF00DA60B7 /* MemoTableViewCell.swift in Sources */,
				DF5218242B0B1C6B007E3E9F /* DetailViewController.swift in Sources */,
			);
			runOnlyForDeploymentPostprocessing = 0;
		};
/* End PBXSourcesBuildPhase section */

/* Begin PBXVariantGroup section */
		DFB413292B0A739400DA60B7 /* LaunchScreen.storyboard */ = {
			isa = PBXVariantGroup;
			children = (
				DFB4132A2B0A739400DA60B7 /* Base */,
			);
			name = LaunchScreen.storyboard;
			sourceTree = "<group>";
		};
/* End PBXVariantGroup section */

/* Begin XCBuildConfiguration section */
		DFB4132D2B0A739400DA60B7 /* Debug */ = {
			isa = XCBuildConfiguration;
			buildSettings = {
				ALWAYS_SEARCH_USER_PATHS = NO;
				CLANG_ANALYZER_NONNULL = YES;
				CLANG_ANALYZER_NUMBER_OBJECT_CONVERSION = YES_AGGRESSIVE;
				CLANG_CXX_LANGUAGE_STANDARD = "gnu++20";
				CLANG_ENABLE_MODULES = YES;
				CLANG_ENABLE_OBJC_ARC = YES;
				CLANG_ENABLE_OBJC_WEAK = YES;
				CLANG_WARN_BLOCK_CAPTURE_AUTORELEASING = YES;
				CLANG_WARN_BOOL_CONVERSION = YES;
				CLANG_WARN_COMMA = YES;
				CLANG_WARN_CONSTANT_CONVERSION = YES;
				CLANG_WARN_DEPRECATED_OBJC_IMPLEMENTATIONS = YES;
				CLANG_WARN_DIRECT_OBJC_ISA_USAGE = YES_ERROR;
				CLANG_WARN_DOCUMENTATION_COMMENTS = YES;
				CLANG_WARN_EMPTY_BODY = YES;
				CLANG_WARN_ENUM_CONVERSION = YES;
				CLANG_WARN_INFINITE_RECURSION = YES;
				CLANG_WARN_INT_CONVERSION = YES;
				CLANG_WARN_NON_LITERAL_NULL_CONVERSION = YES;
				CLANG_WARN_OBJC_IMPLICIT_RETAIN_SELF = YES;
				CLANG_WARN_OBJC_LITERAL_CONVERSION = YES;
				CLANG_WARN_OBJC_ROOT_CLASS = YES_ERROR;
				CLANG_WARN_QUOTED_INCLUDE_IN_FRAMEWORK_HEADER = YES;
				CLANG_WARN_RANGE_LOOP_ANALYSIS = YES;
				CLANG_WARN_STRICT_PROTOTYPES = YES;
				CLANG_WARN_SUSPICIOUS_MOVE = YES;
				CLANG_WARN_UNGUARDED_AVAILABILITY = YES_AGGRESSIVE;
				CLANG_WARN_UNREACHABLE_CODE = YES;
				CLANG_WARN__DUPLICATE_METHOD_MATCH = YES;
				COPY_PHASE_STRIP = NO;
				DEBUG_INFORMATION_FORMAT = dwarf;
				ENABLE_STRICT_OBJC_MSGSEND = YES;
				ENABLE_TESTABILITY = YES;
				GCC_C_LANGUAGE_STANDARD = gnu11;
				GCC_DYNAMIC_NO_PIC = NO;
				GCC_NO_COMMON_BLOCKS = YES;
				GCC_OPTIMIZATION_LEVEL = 0;
				GCC_PREPROCESSOR_DEFINITIONS = (
					"DEBUG=1",
					"$(inherited)",
				);
				GCC_WARN_64_TO_32_BIT_CONVERSION = YES;
				GCC_WARN_ABOUT_RETURN_TYPE = YES_ERROR;
				GCC_WARN_UNDECLARED_SELECTOR = YES;
				GCC_WARN_UNINITIALIZED_AUTOS = YES_AGGRESSIVE;
				GCC_WARN_UNUSED_FUNCTION = YES;
				GCC_WARN_UNUSED_VARIABLE = YES;
				IPHONEOS_DEPLOYMENT_TARGET = 16.4;
				MTL_ENABLE_DEBUG_INFO = INCLUDE_SOURCE;
				MTL_FAST_MATH = YES;
				ONLY_ACTIVE_ARCH = YES;
				SDKROOT = iphoneos;
				SWIFT_ACTIVE_COMPILATION_CONDITIONS = DEBUG;
				SWIFT_OPTIMIZATION_LEVEL = "-Onone";
			};
			name = Debug;
		};
		DFB4132E2B0A739400DA60B7 /* Release */ = {
			isa = XCBuildConfiguration;
			buildSettings = {
				ALWAYS_SEARCH_USER_PATHS = NO;
				CLANG_ANALYZER_NONNULL = YES;
				CLANG_ANALYZER_NUMBER_OBJECT_CONVERSION = YES_AGGRESSIVE;
				CLANG_CXX_LANGUAGE_STANDARD = "gnu++20";
				CLANG_ENABLE_MODULES = YES;
				CLANG_ENABLE_OBJC_ARC = YES;
				CLANG_ENABLE_OBJC_WEAK = YES;
				CLANG_WARN_BLOCK_CAPTURE_AUTORELEASING = YES;
				CLANG_WARN_BOOL_CONVERSION = YES;
				CLANG_WARN_COMMA = YES;
				CLANG_WARN_CONSTANT_CONVERSION = YES;
				CLANG_WARN_DEPRECATED_OBJC_IMPLEMENTATIONS = YES;
				CLANG_WARN_DIRECT_OBJC_ISA_USAGE = YES_ERROR;
				CLANG_WARN_DOCUMENTATION_COMMENTS = YES;
				CLANG_WARN_EMPTY_BODY = YES;
				CLANG_WARN_ENUM_CONVERSION = YES;
				CLANG_WARN_INFINITE_RECURSION = YES;
				CLANG_WARN_INT_CONVERSION = YES;
				CLANG_WARN_NON_LITERAL_NULL_CONVERSION = YES;
				CLANG_WARN_OBJC_IMPLICIT_RETAIN_SELF = YES;
				CLANG_WARN_OBJC_LITERAL_CONVERSION = YES;
				CLANG_WARN_OBJC_ROOT_CLASS = YES_ERROR;
				CLANG_WARN_QUOTED_INCLUDE_IN_FRAMEWORK_HEADER = YES;
				CLANG_WARN_RANGE_LOOP_ANALYSIS = YES;
				CLANG_WARN_STRICT_PROTOTYPES = YES;
				CLANG_WARN_SUSPICIOUS_MOVE = YES;
				CLANG_WARN_UNGUARDED_AVAILABILITY = YES_AGGRESSIVE;
				CLANG_WARN_UNREACHABLE_CODE = YES;
				CLANG_WARN__DUPLICATE_METHOD_MATCH = YES;
				COPY_PHASE_STRIP = NO;
				DEBUG_INFORMATION_FORMAT = "dwarf-with-dsym";
				ENABLE_NS_ASSERTIONS = NO;
				ENABLE_STRICT_OBJC_MSGSEND = YES;
				GCC_C_LANGUAGE_STANDARD = gnu11;
				GCC_NO_COMMON_BLOCKS = YES;
				GCC_WARN_64_TO_32_BIT_CONVERSION = YES;
				GCC_WARN_ABOUT_RETURN_TYPE = YES_ERROR;
				GCC_WARN_UNDECLARED_SELECTOR = YES;
				GCC_WARN_UNINITIALIZED_AUTOS = YES_AGGRESSIVE;
				GCC_WARN_UNUSED_FUNCTION = YES;
				GCC_WARN_UNUSED_VARIABLE = YES;
				IPHONEOS_DEPLOYMENT_TARGET = 16.4;
				MTL_ENABLE_DEBUG_INFO = NO;
				MTL_FAST_MATH = YES;
				SDKROOT = iphoneos;
				SWIFT_COMPILATION_MODE = wholemodule;
				SWIFT_OPTIMIZATION_LEVEL = "-O";
				VALIDATE_PRODUCT = YES;
			};
			name = Release;
		};
		DFB413302B0A739400DA60B7 /* Debug */ = {
			isa = XCBuildConfiguration;
			buildSettings = {
				ASSETCATALOG_COMPILER_APPICON_NAME = AppIcon;
				ASSETCATALOG_COMPILER_GLOBAL_ACCENT_COLOR_NAME = AccentColor;
				CODE_SIGN_STYLE = Automatic;
				CURRENT_PROJECT_VERSION = 1;
				GENERATE_INFOPLIST_FILE = YES;
				INFOPLIST_FILE = MemoClone/Info.plist;
				INFOPLIST_KEY_UIApplicationSupportsIndirectInputEvents = YES;
				INFOPLIST_KEY_UILaunchStoryboardName = LaunchScreen;
				INFOPLIST_KEY_UISupportedInterfaceOrientations_iPad = "UIInterfaceOrientationPortrait UIInterfaceOrientationPortraitUpsideDown UIInterfaceOrientationLandscapeLeft UIInterfaceOrientationLandscapeRight";
				INFOPLIST_KEY_UISupportedInterfaceOrientations_iPhone = "UIInterfaceOrientationPortrait UIInterfaceOrientationLandscapeLeft UIInterfaceOrientationLandscapeRight";
				LD_RUNPATH_SEARCH_PATHS = (
					"$(inherited)",
					"@executable_path/Frameworks",
				);
				MARKETING_VERSION = 1.0;
				PRODUCT_BUNDLE_IDENTIFIER = com.umcstudy.MemoClone;
				PRODUCT_NAME = "$(TARGET_NAME)";
				SWIFT_EMIT_LOC_STRINGS = YES;
				SWIFT_VERSION = 5.0;
				TARGETED_DEVICE_FAMILY = "1,2";
			};
			name = Debug;
		};
		DFB413312B0A739400DA60B7 /* Release */ = {
			isa = XCBuildConfiguration;
			buildSettings = {
				ASSETCATALOG_COMPILER_APPICON_NAME = AppIcon;
				ASSETCATALOG_COMPILER_GLOBAL_ACCENT_COLOR_NAME = AccentColor;
				CODE_SIGN_STYLE = Automatic;
				CURRENT_PROJECT_VERSION = 1;
				GENERATE_INFOPLIST_FILE = YES;
				INFOPLIST_FILE = MemoClone/Info.plist;
				INFOPLIST_KEY_UIApplicationSupportsIndirectInputEvents = YES;
				INFOPLIST_KEY_UILaunchStoryboardName = LaunchScreen;
				INFOPLIST_KEY_UISupportedInterfaceOrientations_iPad = "UIInterfaceOrientationPortrait UIInterfaceOrientationPortraitUpsideDown UIInterfaceOrientationLandscapeLeft UIInterfaceOrientationLandscapeRight";
				INFOPLIST_KEY_UISupportedInterfaceOrientations_iPhone = "UIInterfaceOrientationPortrait UIInterfaceOrientationLandscapeLeft UIInterfaceOrientationLandscapeRight";
				LD_RUNPATH_SEARCH_PATHS = (
					"$(inherited)",
					"@executable_path/Frameworks",
				);
				MARKETING_VERSION = 1.0;
				PRODUCT_BUNDLE_IDENTIFIER = com.umcstudy.MemoClone;
				PRODUCT_NAME = "$(TARGET_NAME)";
				SWIFT_EMIT_LOC_STRINGS = YES;
				SWIFT_VERSION = 5.0;
				TARGETED_DEVICE_FAMILY = "1,2";
			};
			name = Release;
		};
/* End XCBuildConfiguration section */

/* Begin XCConfigurationList section */
		DFB413162B0A739200DA60B7 /* Build configuration list for PBXProject "MemoClone" */ = {
			isa = XCConfigurationList;
			buildConfigurations = (
				DFB4132D2B0A739400DA60B7 /* Debug */,
				DFB4132E2B0A739400DA60B7 /* Release */,
			);
			defaultConfigurationIsVisible = 0;
			defaultConfigurationName = Release;
		};
		DFB4132F2B0A739400DA60B7 /* Build configuration list for PBXNativeTarget "MemoClone" */ = {
			isa = XCConfigurationList;
			buildConfigurations = (
				DFB413302B0A739400DA60B7 /* Debug */,
				DFB413312B0A739400DA60B7 /* Release */,
			);
			defaultConfigurationIsVisible = 0;
			defaultConfigurationName = Release;
		};
/* End XCConfigurationList section */

/* Begin XCRemoteSwiftPackageReference section */
		DFB413322B0A761600DA60B7 /* XCRemoteSwiftPackageReference "SnapKit" */ = {
			isa = XCRemoteSwiftPackageReference;
			repositoryURL = "https://github.com/SnapKit/SnapKit.git";
			requirement = {
				kind = upToNextMajorVersion;
				minimumVersion = 5.0.0;
			};
		};
/* End XCRemoteSwiftPackageReference section */

/* Begin XCSwiftPackageProductDependency section */
		DFB413332B0A761600DA60B7 /* SnapKit */ = {
			isa = XCSwiftPackageProductDependency;
			package = DFB413322B0A761600DA60B7 /* XCRemoteSwiftPackageReference "SnapKit" */;
			productName = SnapKit;
		};
/* End XCSwiftPackageProductDependency section */
	};
	rootObject = DFB413132B0A739200DA60B7 /* Project object */;
}
